// !$*UTF8*$!
{
	archiveVersion = 1;
	classes = {
	};
	objectVersion = 50;
	objects = {

/* Begin PBXBuildFile section */
		0319480B242FE9D0003753CE /* AppDelegate.swift in Sources */ = {isa = PBXBuildFile; fileRef = 0319480A242FE9D0003753CE /* AppDelegate.swift */; };
		0319480D242FE9D0003753CE /* SceneDelegate.swift in Sources */ = {isa = PBXBuildFile; fileRef = 0319480C242FE9D0003753CE /* SceneDelegate.swift */; };
		0319480F242FE9D0003753CE /* OnBoardingScreen.swift in Sources */ = {isa = PBXBuildFile; fileRef = 0319480E242FE9D0003753CE /* OnBoardingScreen.swift */; };
		03194811242FE9D9003753CE /* Assets.xcassets in Resources */ = {isa = PBXBuildFile; fileRef = 03194810242FE9D9003753CE /* Assets.xcassets */; };
		03194814242FE9D9003753CE /* Preview Assets.xcassets in Resources */ = {isa = PBXBuildFile; fileRef = 03194813242FE9D9003753CE /* Preview Assets.xcassets */; };
		03194817242FE9D9003753CE /* LaunchScreen.storyboard in Resources */ = {isa = PBXBuildFile; fileRef = 03194815242FE9D9003753CE /* LaunchScreen.storyboard */; };
		0319481F243094DD003753CE /* SignUpView.swift in Sources */ = {isa = PBXBuildFile; fileRef = 0319481E243094DD003753CE /* SignUpView.swift */; };
		031948212430E32E003753CE /* LoginView.swift in Sources */ = {isa = PBXBuildFile; fileRef = 031948202430E32E003753CE /* LoginView.swift */; };
		031948252430E88D003753CE /* DonorMainView.swift in Sources */ = {isa = PBXBuildFile; fileRef = 031948242430E88D003753CE /* DonorMainView.swift */; };
		031948272430F216003753CE /* DonorPageView.swift in Sources */ = {isa = PBXBuildFile; fileRef = 031948262430F216003753CE /* DonorPageView.swift */; };
/* End PBXBuildFile section */

/* Begin PBXFileReference section */
		03194807242FE9D0003753CE /* FoodBroker.app */ = {isa = PBXFileReference; explicitFileType = wrapper.application; includeInIndex = 0; path = FoodBroker.app; sourceTree = BUILT_PRODUCTS_DIR; };
		0319480A242FE9D0003753CE /* AppDelegate.swift */ = {isa = PBXFileReference; lastKnownFileType = sourcecode.swift; path = AppDelegate.swift; sourceTree = "<group>"; };
		0319480C242FE9D0003753CE /* SceneDelegate.swift */ = {isa = PBXFileReference; lastKnownFileType = sourcecode.swift; path = SceneDelegate.swift; sourceTree = "<group>"; };
		0319480E242FE9D0003753CE /* OnBoardingScreen.swift */ = {isa = PBXFileReference; lastKnownFileType = sourcecode.swift; path = OnBoardingScreen.swift; sourceTree = "<group>"; };
		03194810242FE9D9003753CE /* Assets.xcassets */ = {isa = PBXFileReference; lastKnownFileType = folder.assetcatalog; path = Assets.xcassets; sourceTree = "<group>"; };
		03194813242FE9D9003753CE /* Preview Assets.xcassets */ = {isa = PBXFileReference; lastKnownFileType = folder.assetcatalog; path = "Preview Assets.xcassets"; sourceTree = "<group>"; };
		03194816242FE9D9003753CE /* Base */ = {isa = PBXFileReference; lastKnownFileType = file.storyboard; name = Base; path = Base.lproj/LaunchScreen.storyboard; sourceTree = "<group>"; };
		03194818242FE9D9003753CE /* Info.plist */ = {isa = PBXFileReference; lastKnownFileType = text.plist.xml; path = Info.plist; sourceTree = "<group>"; };
		0319481E243094DD003753CE /* SignUpView.swift */ = {isa = PBXFileReference; lastKnownFileType = sourcecode.swift; path = SignUpView.swift; sourceTree = "<group>"; };
		031948202430E32E003753CE /* LoginView.swift */ = {isa = PBXFileReference; lastKnownFileType = sourcecode.swift; path = LoginView.swift; sourceTree = "<group>"; };
		031948242430E88D003753CE /* DonorMainView.swift */ = {isa = PBXFileReference; lastKnownFileType = sourcecode.swift; path = DonorMainView.swift; sourceTree = "<group>"; };
		031948262430F216003753CE /* DonorPageView.swift */ = {isa = PBXFileReference; lastKnownFileType = sourcecode.swift; path = DonorPageView.swift; sourceTree = "<group>"; };
/* End PBXFileReference section */

/* Begin PBXFrameworksBuildPhase section */
		03194804242FE9D0003753CE /* Frameworks */ = {
			isa = PBXFrameworksBuildPhase;
			buildActionMask = 2147483647;
			files = (
			);
			runOnlyForDeploymentPostprocessing = 0;
		};
/* End PBXFrameworksBuildPhase section */

/* Begin PBXGroup section */
		031947FE242FE9D0003753CE = {
			isa = PBXGroup;
			children = (
				031948242430E88D003753CE /* DonorMainView.swift */,
				03194809242FE9D0003753CE /* FoodBroker */,
				03194808242FE9D0003753CE /* Products */,
			);
			sourceTree = "<group>";
		};
		03194808242FE9D0003753CE /* Products */ = {
			isa = PBXGroup;
			children = (
				03194807242FE9D0003753CE /* FoodBroker.app */,
			);
			name = Products;
			sourceTree = "<group>";
		};
		03194809242FE9D0003753CE /* FoodBroker */ = {
			isa = PBXGroup;
			children = (
				0319480A242FE9D0003753CE /* AppDelegate.swift */,
				0319480C242FE9D0003753CE /* SceneDelegate.swift */,
				0319480E242FE9D0003753CE /* OnBoardingScreen.swift */,
				0319481E243094DD003753CE /* SignUpView.swift */,
				031948202430E32E003753CE /* LoginView.swift */,
				031948262430F216003753CE /* DonorPageView.swift */,
				03194810242FE9D9003753CE /* Assets.xcassets */,
				03194815242FE9D9003753CE /* LaunchScreen.storyboard */,
				03194818242FE9D9003753CE /* Info.plist */,
				03194812242FE9D9003753CE /* Preview Content */,
			);
			path = FoodBroker;
			sourceTree = "<group>";
		};
		03194812242FE9D9003753CE /* Preview Content */ = {
			isa = PBXGroup;
			children = (
				03194813242FE9D9003753CE /* Preview Assets.xcassets */,
			);
			path = "Preview Content";
			sourceTree = "<group>";
		};
/* End PBXGroup section */

/* Begin PBXNativeTarget section */
		03194806242FE9D0003753CE /* FoodBroker */ = {
			isa = PBXNativeTarget;
			buildConfigurationList = 0319481B242FE9D9003753CE /* Build configuration list for PBXNativeTarget "FoodBroker" */;
			buildPhases = (
				03194803242FE9D0003753CE /* Sources */,
				03194804242FE9D0003753CE /* Frameworks */,
				03194805242FE9D0003753CE /* Resources */,
			);
			buildRules = (
			);
			dependencies = (
			);
			name = FoodBroker;
			productName = FoodBroker;
			productReference = 03194807242FE9D0003753CE /* FoodBroker.app */;
			productType = "com.apple.product-type.application";
		};
/* End PBXNativeTarget section */

/* Begin PBXProject section */
		031947FF242FE9D0003753CE /* Project object */ = {
			isa = PBXProject;
			attributes = {
				LastSwiftUpdateCheck = 1130;
				LastUpgradeCheck = 1130;
				ORGANIZATIONNAME = "Moazzam Tahir";
				TargetAttributes = {
					03194806242FE9D0003753CE = {
						CreatedOnToolsVersion = 11.3.1;
					};
				};
			};
			buildConfigurationList = 03194802242FE9D0003753CE /* Build configuration list for PBXProject "FoodBroker" */;
			compatibilityVersion = "Xcode 9.3";
			developmentRegion = en;
			hasScannedForEncodings = 0;
			knownRegions = (
				en,
				Base,
			);
			mainGroup = 031947FE242FE9D0003753CE;
			productRefGroup = 03194808242FE9D0003753CE /* Products */;
			projectDirPath = "";
			projectRoot = "";
			targets = (
				03194806242FE9D0003753CE /* FoodBroker */,
			);
		};
/* End PBXProject section */

/* Begin PBXResourcesBuildPhase section */
		03194805242FE9D0003753CE /* Resources */ = {
			isa = PBXResourcesBuildPhase;
			buildActionMask = 2147483647;
			files = (
				03194817242FE9D9003753CE /* LaunchScreen.storyboard in Resources */,
				03194814242FE9D9003753CE /* Preview Assets.xcassets in Resources */,
				03194811242FE9D9003753CE /* Assets.xcassets in Resources */,
			);
			runOnlyForDeploymentPostprocessing = 0;
		};
/* End PBXResourcesBuildPhase section */

/* Begin PBXSourcesBuildPhase section */
		03194803242FE9D0003753CE /* Sources */ = {
			isa = PBXSourcesBuildPhase;
			buildActionMask = 2147483647;
			files = (
				0319481F243094DD003753CE /* SignUpView.swift in Sources */,
				0319480B242FE9D0003753CE /* AppDelegate.swift in Sources */,
				031948252430E88D003753CE /* DonorMainView.swift in Sources */,
				0319480D242FE9D0003753CE /* SceneDelegate.swift in Sources */,
				031948212430E32E003753CE /* LoginView.swift in Sources */,
				0319480F242FE9D0003753CE /* OnBoardingScreen.swift in Sources */,
				031948272430F216003753CE /* DonorPageView.swift in Sources */,
			);
			runOnlyForDeploymentPostprocessing = 0;
		};
/* End PBXSourcesBuildPhase section */

/* Begin PBXVariantGroup section */
		03194815242FE9D9003753CE /* LaunchScreen.storyboard */ = {
			isa = PBXVariantGroup;
			children = (
				03194816242FE9D9003753CE /* Base */,
			);
			name = LaunchScreen.storyboard;
			sourceTree = "<group>";
		};
/* End PBXVariantGroup section */

/* Begin XCBuildConfiguration section */
		03194819242FE9D9003753CE /* Debug */ = {
			isa = XCBuildConfiguration;
			buildSettings = {
				ALWAYS_SEARCH_USER_PATHS = NO;
				CLANG_ANALYZER_NONNULL = YES;
				CLANG_ANALYZER_NUMBER_OBJECT_CONVERSION = YES_AGGRESSIVE;
				CLANG_CXX_LANGUAGE_STANDARD = "gnu++14";
				CLANG_CXX_LIBRARY = "libc++";
				CLANG_ENABLE_MODULES = YES;
				CLANG_ENABLE_OBJC_ARC = YES;
				CLANG_ENABLE_OBJC_WEAK = YES;
				CLANG_WARN_BLOCK_CAPTURE_AUTORELEASING = YES;
				CLANG_WARN_BOOL_CONVERSION = YES;
				CLANG_WARN_COMMA = YES;
				CLANG_WARN_CONSTANT_CONVERSION = YES;
				CLANG_WARN_DEPRECATED_OBJC_IMPLEMENTATIONS = YES;
				CLANG_WARN_DIRECT_OBJC_ISA_USAGE = YES_ERROR;
				CLANG_WARN_DOCUMENTATION_COMMENTS = YES;
				CLANG_WARN_EMPTY_BODY = YES;
				CLANG_WARN_ENUM_CONVERSION = YES;
				CLANG_WARN_INFINITE_RECURSION = YES;
				CLANG_WARN_INT_CONVERSION = YES;
				CLANG_WARN_NON_LITERAL_NULL_CONVERSION = YES;
				CLANG_WARN_OBJC_IMPLICIT_RETAIN_SELF = YES;
				CLANG_WARN_OBJC_LITERAL_CONVERSION = YES;
				CLANG_WARN_OBJC_ROOT_CLASS = YES_ERROR;
				CLANG_WARN_RANGE_LOOP_ANALYSIS = YES;
				CLANG_WARN_STRICT_PROTOTYPES = YES;
				CLANG_WARN_SUSPICIOUS_MOVE = YES;
				CLANG_WARN_UNGUARDED_AVAILABILITY = YES_AGGRESSIVE;
				CLANG_WARN_UNREACHABLE_CODE = YES;
				CLANG_WARN__DUPLICATE_METHOD_MATCH = YES;
				COPY_PHASE_STRIP = NO;
				DEBUG_INFORMATION_FORMAT = dwarf;
				ENABLE_STRICT_OBJC_MSGSEND = YES;
				ENABLE_TESTABILITY = YES;
				GCC_C_LANGUAGE_STANDARD = gnu11;
				GCC_DYNAMIC_NO_PIC = NO;
				GCC_NO_COMMON_BLOCKS = YES;
				GCC_OPTIMIZATION_LEVEL = 0;
				GCC_PREPROCESSOR_DEFINITIONS = (
					"DEBUG=1",
					"$(inherited)",
				);
				GCC_WARN_64_TO_32_BIT_CONVERSION = YES;
				GCC_WARN_ABOUT_RETURN_TYPE = YES_ERROR;
				GCC_WARN_UNDECLARED_SELECTOR = YES;
				GCC_WARN_UNINITIALIZED_AUTOS = YES_AGGRESSIVE;
				GCC_WARN_UNUSED_FUNCTION = YES;
				GCC_WARN_UNUSED_VARIABLE = YES;
				IPHONEOS_DEPLOYMENT_TARGET = 13.2;
				MTL_ENABLE_DEBUG_INFO = INCLUDE_SOURCE;
				MTL_FAST_MATH = YES;
				ONLY_ACTIVE_ARCH = YES;
				SDKROOT = iphoneos;
				SWIFT_ACTIVE_COMPILATION_CONDITIONS = DEBUG;
				SWIFT_OPTIMIZATION_LEVEL = "-Onone";
			};
			name = Debug;
		};
		0319481A242FE9D9003753CE /* Release */ = {
			isa = XCBuildConfiguration;
			buildSettings = {
				ALWAYS_SEARCH_USER_PATHS = NO;
				CLANG_ANALYZER_NONNULL = YES;
				CLANG_ANALYZER_NUMBER_OBJECT_CONVERSION = YES_AGGRESSIVE;
				CLANG_CXX_LANGUAGE_STANDARD = "gnu++14";
				CLANG_CXX_LIBRARY = "libc++";
				CLANG_ENABLE_MODULES = YES;
				CLANG_ENABLE_OBJC_ARC = YES;
				CLANG_ENABLE_OBJC_WEAK = YES;
				CLANG_WARN_BLOCK_CAPTURE_AUTORELEASING = YES;
				CLANG_WARN_BOOL_CONVERSION = YES;
				CLANG_WARN_COMMA = YES;
				CLANG_WARN_CONSTANT_CONVERSION = YES;
				CLANG_WARN_DEPRECATED_OBJC_IMPLEMENTATIONS = YES;
				CLANG_WARN_DIRECT_OBJC_ISA_USAGE = YES_ERROR;
				CLANG_WARN_DOCUMENTATION_COMMENTS = YES;
				CLANG_WARN_EMPTY_BODY = YES;
				CLANG_WARN_ENUM_CONVERSION = YES;
				CLANG_WARN_INFINITE_RECURSION = YES;
				CLANG_WARN_INT_CONVERSION = YES;
				CLANG_WARN_NON_LITERAL_NULL_CONVERSION = YES;
				CLANG_WARN_OBJC_IMPLICIT_RETAIN_SELF = YES;
				CLANG_WARN_OBJC_LITERAL_CONVERSION = YES;
				CLANG_WARN_OBJC_ROOT_CLASS = YES_ERROR;
				CLANG_WARN_RANGE_LOOP_ANALYSIS = YES;
				CLANG_WARN_STRICT_PROTOTYPES = YES;
				CLANG_WARN_SUSPICIOUS_MOVE = YES;
				CLANG_WARN_UNGUARDED_AVAILABILITY = YES_AGGRESSIVE;
				CLANG_WARN_UNREACHABLE_CODE = YES;
				CLANG_WARN__DUPLICATE_METHOD_MATCH = YES;
				COPY_PHASE_STRIP = NO;
				DEBUG_INFORMATION_FORMAT = "dwarf-with-dsym";
				ENABLE_NS_ASSERTIONS = NO;
				ENABLE_STRICT_OBJC_MSGSEND = YES;
				GCC_C_LANGUAGE_STANDARD = gnu11;
				GCC_NO_COMMON_BLOCKS = YES;
				GCC_WARN_64_TO_32_BIT_CONVERSION = YES;
				GCC_WARN_ABOUT_RETURN_TYPE = YES_ERROR;
				GCC_WARN_UNDECLARED_SELECTOR = YES;
				GCC_WARN_UNINITIALIZED_AUTOS = YES_AGGRESSIVE;
				GCC_WARN_UNUSED_FUNCTION = YES;
				GCC_WARN_UNUSED_VARIABLE = YES;
				IPHONEOS_DEPLOYMENT_TARGET = 13.2;
				MTL_ENABLE_DEBUG_INFO = NO;
				MTL_FAST_MATH = YES;
				SDKROOT = iphoneos;
				SWIFT_COMPILATION_MODE = wholemodule;
				SWIFT_OPTIMIZATION_LEVEL = "-O";
				VALIDATE_PRODUCT = YES;
			};
			name = Release;
		};
		0319481C242FE9D9003753CE /* Debug */ = {
			isa = XCBuildConfiguration;
			buildSettings = {
				ASSETCATALOG_COMPILER_APPICON_NAME = AppIcon;
				CODE_SIGN_STYLE = Automatic;
				DEVELOPMENT_ASSET_PATHS = "\"FoodBroker/Preview Content\"";
				DEVELOPMENT_TEAM = S7J2AQ3ASG;
				ENABLE_PREVIEWS = YES;
				INFOPLIST_FILE = FoodBroker/Info.plist;
				LD_RUNPATH_SEARCH_PATHS = (
					"$(inherited)",
					"@executable_path/Frameworks",
				);
				PRODUCT_BUNDLE_IDENTIFIER = com.developersden.FoodBroker;
				PRODUCT_NAME = "$(TARGET_NAME)";
				SWIFT_VERSION = 5.0;
				TARGETED_DEVICE_FAMILY = "1,2";
			};
			name = Debug;
		};
		0319481D242FE9D9003753CE /* Release */ = {
			isa = XCBuildConfiguration;
			buildSettings = {
				ASSETCATALOG_COMPILER_APPICON_NAME = AppIcon;
				CODE_SIGN_STYLE = Automatic;
				DEVELOPMENT_ASSET_PATHS = "\"FoodBroker/Preview Content\"";
				DEVELOPMENT_TEAM = S7J2AQ3ASG;
				ENABLE_PREVIEWS = YES;
				INFOPLIST_FILE = FoodBroker/Info.plist;
				LD_RUNPATH_SEARCH_PATHS = (
					"$(inherited)",
					"@executable_path/Frameworks",
				);
				PRODUCT_BUNDLE_IDENTIFIER = com.developersden.FoodBroker;
				PRODUCT_NAME = "$(TARGET_NAME)";
				SWIFT_VERSION = 5.0;
				TARGETED_DEVICE_FAMILY = "1,2";
			};
			name = Release;
		};
/* End XCBuildConfiguration section */

/* Begin XCConfigurationList section */
		03194802242FE9D0003753CE /* Build configuration list for PBXProject "FoodBroker" */ = {
			isa = XCConfigurationList;
			buildConfigurations = (
				03194819242FE9D9003753CE /* Debug */,
				0319481A242FE9D9003753CE /* Release */,
			);
			defaultConfigurationIsVisible = 0;
			defaultConfigurationName = Release;
		};
		0319481B242FE9D9003753CE /* Build configuration list for PBXNativeTarget "FoodBroker" */ = {
			isa = XCConfigurationList;
			buildConfigurations = (
				0319481C242FE9D9003753CE /* Debug */,
				0319481D242FE9D9003753CE /* Release */,
			);
			defaultConfigurationIsVisible = 0;
			defaultConfigurationName = Release;
		};
/* End XCConfigurationList section */
	};
	rootObject = 031947FF242FE9D0003753CE /* Project object */;
}
